{
  "requires": true,
  "lockfileVersion": 1,
  "dependencies": {
    "postprocessing": {
      "version": "6.22.3",
      "resolved": "https://registry.npmjs.org/postprocessing/-/postprocessing-6.22.3.tgz",
      "integrity": "sha512-zk8sw7ZFlr7v5OVLnM6QpM8DDrV9buFuTfTYa0K0dTEB5ap5qCTVg25mG66uJ90vqu3u4bFJY6jbpoW3BGmALg=="
    },
    "three": {
      "version": "0.131.3",
      "resolved": "https://registry.npmjs.org/three/-/three-0.131.3.tgz",
      "integrity": "sha512-VkZAv8ZTJqiE/fyEmoWLxcNHImpVcjqW7RO0GzMu3tRpwO0KUvK9pjTmJzJcAbc51BOeB2G38zh80yjHTbP8gQ=="
    }
  }
}
